
Microsoft Visual Studio Solution File, Format Version 12.00
# Visual Studio Version 17
VisualStudioVersion = 17.0.31903.59
MinimumVisualStudioVersion = 10.0.40219.1
Project("{2150E333-8FDC-42A3-9474-1A3956D46DE8}") = "src", "src", "{42C819F2-06BF-44F3-94FF-727EE5771E77}"
EndProject
Project("{FAE04EC0-301F-11D3-BF4B-00C04F79EFBC}") = "AuctionService", "src\AuctionService\AuctionService.csproj", "{8F95BFC1-010C-489D-9B76-B3949A7DB824}"
EndProject
Project("{FAE04EC0-301F-11D3-BF4B-00C04F79EFBC}") = "SearchService", "src\SearchService\SearchService.csproj", "{1DC9153B-8E38-4194-BF35-C571639BC70B}"
EndProject
Project("{FAE04EC0-301F-11D3-BF4B-00C04F79EFBC}") = "Contracts", "src\Contracts\Contracts.csproj", "{24888CF9-9303-4FEE-A108-DCBC40FF4DAD}"
EndProject
Global
	GlobalSection(SolutionConfigurationPlatforms) = preSolution
		Debug|Any CPU = Debug|Any CPU
		Release|Any CPU = Release|Any CPU
	EndGlobalSection
	GlobalSection(SolutionProperties) = preSolution
		HideSolutionNode = FALSE
	EndGlobalSection
	GlobalSection(ProjectConfigurationPlatforms) = postSolution
		{8F95BFC1-010C-489D-9B76-B3949A7DB824}.Debug|Any CPU.ActiveCfg = Debug|Any CPU
		{8F95BFC1-010C-489D-9B76-B3949A7DB824}.Debug|Any CPU.Build.0 = Debug|Any CPU
		{8F95BFC1-010C-489D-9B76-B3949A7DB824}.Release|Any CPU.ActiveCfg = Release|Any CPU
		{8F95BFC1-010C-489D-9B76-B3949A7DB824}.Release|Any CPU.Build.0 = Release|Any CPU
		{1DC9153B-8E38-4194-BF35-C571639BC70B}.Debug|Any CPU.ActiveCfg = Debug|Any CPU
		{1DC9153B-8E38-4194-BF35-C571639BC70B}.Debug|Any CPU.Build.0 = Debug|Any CPU
		{1DC9153B-8E38-4194-BF35-C571639BC70B}.Release|Any CPU.ActiveCfg = Release|Any CPU
		{1DC9153B-8E38-4194-BF35-C571639BC70B}.Release|Any CPU.Build.0 = Release|Any CPU
		{24888CF9-9303-4FEE-A108-DCBC40FF4DAD}.Debug|Any CPU.ActiveCfg = Debug|Any CPU
		{24888CF9-9303-4FEE-A108-DCBC40FF4DAD}.Debug|Any CPU.Build.0 = Debug|Any CPU
		{24888CF9-9303-4FEE-A108-DCBC40FF4DAD}.Release|Any CPU.ActiveCfg = Release|Any CPU
		{24888CF9-9303-4FEE-A108-DCBC40FF4DAD}.Release|Any CPU.Build.0 = Release|Any CPU
	EndGlobalSection
	GlobalSection(NestedProjects) = preSolution
		{8F95BFC1-010C-489D-9B76-B3949A7DB824} = {42C819F2-06BF-44F3-94FF-727EE5771E77}
		{1DC9153B-8E38-4194-BF35-C571639BC70B} = {42C819F2-06BF-44F3-94FF-727EE5771E77}
		{24888CF9-9303-4FEE-A108-DCBC40FF4DAD} = {42C819F2-06BF-44F3-94FF-727EE5771E77}
	EndGlobalSection
EndGlobal
